
Microsoft Visual Studio Solution File, Format Version 12.00
# Visual Studio Version 17
VisualStudioVersion = 17.2.32526.322
MinimumVisualStudioVersion = 10.0.40219.1
Project("{9A19103F-16F7-4668-BE54-9A1E7A4F7556}") = "ChallengeE_Csharp_ByteQtd", "ChallengeE_Csharp_ByteQtd\ChallengeE_Csharp_ByteQtd.csproj", "{C08463B2-1CB7-46B2-B7C9-A861FB40C510}"
EndProject
Project("{9A19103F-16F7-4668-BE54-9A1E7A4F7556}") = "ChallengeE_Csharp_ByteQtd_test", "ChallengeE_Csharp_ByteQtd_test\ChallengeE_Csharp_ByteQtd_test.csproj", "{2AA6C896-CD53-49AC-8882-9F7198BA7470}"
EndProject
Global
	GlobalSection(SolutionConfigurationPlatforms) = preSolution
		Debug|Any CPU = Debug|Any CPU
		Release|Any CPU = Release|Any CPU
	EndGlobalSection
	GlobalSection(ProjectConfigurationPlatforms) = postSolution
		{C08463B2-1CB7-46B2-B7C9-A861FB40C510}.Debug|Any CPU.ActiveCfg = Debug|Any CPU
		{C08463B2-1CB7-46B2-B7C9-A861FB40C510}.Debug|Any CPU.Build.0 = Debug|Any CPU
		{C08463B2-1CB7-46B2-B7C9-A861FB40C510}.Release|Any CPU.ActiveCfg = Release|Any CPU
		{C08463B2-1CB7-46B2-B7C9-A861FB40C510}.Release|Any CPU.Build.0 = Release|Any CPU
		{2AA6C896-CD53-49AC-8882-9F7198BA7470}.Debug|Any CPU.ActiveCfg = Debug|Any CPU
		{2AA6C896-CD53-49AC-8882-9F7198BA7470}.Debug|Any CPU.Build.0 = Debug|Any CPU
		{2AA6C896-CD53-49AC-8882-9F7198BA7470}.Release|Any CPU.ActiveCfg = Release|Any CPU
		{2AA6C896-CD53-49AC-8882-9F7198BA7470}.Release|Any CPU.Build.0 = Release|Any CPU
	EndGlobalSection
	GlobalSection(SolutionProperties) = preSolution
		HideSolutionNode = FALSE
	EndGlobalSection
	GlobalSection(ExtensibilityGlobals) = postSolution
		SolutionGuid = {2688BE07-41A4-49E6-81FD-404086323F89}
	EndGlobalSection
EndGlobal
